
Microsoft Visual Studio Solution File, Format Version 12.00
# Visual Studio Version 17
VisualStudioVersion = 17.9.34714.143
MinimumVisualStudioVersion = 10.0.40219.1
Project("{2150E333-8FDC-42A3-9474-1A3956D46DE8}") = "Core", "Core", "{9AA016A9-AA7E-4F24-868E-319CB41168CD}"
EndProject
Project("{2150E333-8FDC-42A3-9474-1A3956D46DE8}") = "Infrastructure", "Infrastructure", "{DA805EDC-784E-4CD5-BA9F-9BAC0BD90C6F}"
EndProject
Project("{2150E333-8FDC-42A3-9474-1A3956D46DE8}") = "Presentation", "Presentation", "{DC438917-1B16-48AC-A12A-972231C62459}"
EndProject
Project("{FAE04EC0-301F-11D3-BF4B-00C04F79EFBC}") = "MechanicService.Domain", "Core\MechanicService.Domain\MechanicService.Domain.csproj", "{36AA41CD-84FB-468C-AC85-5CB28EE5421E}"
EndProject
Project("{FAE04EC0-301F-11D3-BF4B-00C04F79EFBC}") = "MechanicService.Application", "Core\MechanicService.Application\MechanicService.Application.csproj", "{54C2B1C9-5849-4577-99A0-66FB2189AF15}"
EndProject
Project("{FAE04EC0-301F-11D3-BF4B-00C04F79EFBC}") = "MechanicService.Persistence", "Infrastructure\MechanicService.Persistence\MechanicService.Persistence.csproj", "{1C5786BB-E565-4765-8846-BF43B6CE4EE4}"
EndProject
Project("{FAE04EC0-301F-11D3-BF4B-00C04F79EFBC}") = "MechanicService.Dto", "Presentation\MechanicService.Dto\MechanicService.Dto.csproj", "{AC221CDD-3D5E-4F8C-832F-57AF12D742F0}"
EndProject
Project("{FAE04EC0-301F-11D3-BF4B-00C04F79EFBC}") = "MechanicService.WebAPI", "Presentation\MechanicService.WebAPI\MechanicService.WebAPI.csproj", "{003D3406-E3C7-4746-ABCC-ACEC1C3FB6F7}"
EndProject
Project("{FAE04EC0-301F-11D3-BF4B-00C04F79EFBC}") = "MechanicService.WebUI", "Presentation\MechanicService.WebUI\MechanicService.WebUI.csproj", "{8AA6520F-985A-4F75-A429-AA0FA06617DB}"
EndProject
Project("{FAE04EC0-301F-11D3-BF4B-00C04F79EFBC}") = "MechanicService.Infrastructure", "Infrastructure\MechanicService.Infrastructure\MechanicService.Infrastructure.csproj", "{9518A94A-5231-4AF9-8F7E-A12ECEE60210}"
EndProject
Global
	GlobalSection(SolutionConfigurationPlatforms) = preSolution
		Debug|Any CPU = Debug|Any CPU
		Release|Any CPU = Release|Any CPU
	EndGlobalSection
	GlobalSection(ProjectConfigurationPlatforms) = postSolution
		{36AA41CD-84FB-468C-AC85-5CB28EE5421E}.Debug|Any CPU.ActiveCfg = Debug|Any CPU
		{36AA41CD-84FB-468C-AC85-5CB28EE5421E}.Debug|Any CPU.Build.0 = Debug|Any CPU
		{36AA41CD-84FB-468C-AC85-5CB28EE5421E}.Release|Any CPU.ActiveCfg = Release|Any CPU
		{36AA41CD-84FB-468C-AC85-5CB28EE5421E}.Release|Any CPU.Build.0 = Release|Any CPU
		{54C2B1C9-5849-4577-99A0-66FB2189AF15}.Debug|Any CPU.ActiveCfg = Debug|Any CPU
		{54C2B1C9-5849-4577-99A0-66FB2189AF15}.Debug|Any CPU.Build.0 = Debug|Any CPU
		{54C2B1C9-5849-4577-99A0-66FB2189AF15}.Release|Any CPU.ActiveCfg = Release|Any CPU
		{54C2B1C9-5849-4577-99A0-66FB2189AF15}.Release|Any CPU.Build.0 = Release|Any CPU
		{1C5786BB-E565-4765-8846-BF43B6CE4EE4}.Debug|Any CPU.ActiveCfg = Debug|Any CPU
		{1C5786BB-E565-4765-8846-BF43B6CE4EE4}.Debug|Any CPU.Build.0 = Debug|Any CPU
		{1C5786BB-E565-4765-8846-BF43B6CE4EE4}.Release|Any CPU.ActiveCfg = Release|Any CPU
		{1C5786BB-E565-4765-8846-BF43B6CE4EE4}.Release|Any CPU.Build.0 = Release|Any CPU
		{AC221CDD-3D5E-4F8C-832F-57AF12D742F0}.Debug|Any CPU.ActiveCfg = Debug|Any CPU
		{AC221CDD-3D5E-4F8C-832F-57AF12D742F0}.Debug|Any CPU.Build.0 = Debug|Any CPU
		{AC221CDD-3D5E-4F8C-832F-57AF12D742F0}.Release|Any CPU.ActiveCfg = Release|Any CPU
		{AC221CDD-3D5E-4F8C-832F-57AF12D742F0}.Release|Any CPU.Build.0 = Release|Any CPU
		{003D3406-E3C7-4746-ABCC-ACEC1C3FB6F7}.Debug|Any CPU.ActiveCfg = Debug|Any CPU
		{003D3406-E3C7-4746-ABCC-ACEC1C3FB6F7}.Debug|Any CPU.Build.0 = Debug|Any CPU
		{003D3406-E3C7-4746-ABCC-ACEC1C3FB6F7}.Release|Any CPU.ActiveCfg = Release|Any CPU
		{003D3406-E3C7-4746-ABCC-ACEC1C3FB6F7}.Release|Any CPU.Build.0 = Release|Any CPU
		{8AA6520F-985A-4F75-A429-AA0FA06617DB}.Debug|Any CPU.ActiveCfg = Debug|Any CPU
		{8AA6520F-985A-4F75-A429-AA0FA06617DB}.Debug|Any CPU.Build.0 = Debug|Any CPU
		{8AA6520F-985A-4F75-A429-AA0FA06617DB}.Release|Any CPU.ActiveCfg = Release|Any CPU
		{8AA6520F-985A-4F75-A429-AA0FA06617DB}.Release|Any CPU.Build.0 = Release|Any CPU
		{9518A94A-5231-4AF9-8F7E-A12ECEE60210}.Debug|Any CPU.ActiveCfg = Debug|Any CPU
		{9518A94A-5231-4AF9-8F7E-A12ECEE60210}.Debug|Any CPU.Build.0 = Debug|Any CPU
		{9518A94A-5231-4AF9-8F7E-A12ECEE60210}.Release|Any CPU.ActiveCfg = Release|Any CPU
		{9518A94A-5231-4AF9-8F7E-A12ECEE60210}.Release|Any CPU.Build.0 = Release|Any CPU
	EndGlobalSection
	GlobalSection(SolutionProperties) = preSolution
		HideSolutionNode = FALSE
	EndGlobalSection
	GlobalSection(NestedProjects) = preSolution
		{36AA41CD-84FB-468C-AC85-5CB28EE5421E} = {9AA016A9-AA7E-4F24-868E-319CB41168CD}
		{54C2B1C9-5849-4577-99A0-66FB2189AF15} = {9AA016A9-AA7E-4F24-868E-319CB41168CD}
		{1C5786BB-E565-4765-8846-BF43B6CE4EE4} = {DA805EDC-784E-4CD5-BA9F-9BAC0BD90C6F}
		{AC221CDD-3D5E-4F8C-832F-57AF12D742F0} = {DC438917-1B16-48AC-A12A-972231C62459}
		{003D3406-E3C7-4746-ABCC-ACEC1C3FB6F7} = {DC438917-1B16-48AC-A12A-972231C62459}
		{8AA6520F-985A-4F75-A429-AA0FA06617DB} = {DC438917-1B16-48AC-A12A-972231C62459}
		{9518A94A-5231-4AF9-8F7E-A12ECEE60210} = {DA805EDC-784E-4CD5-BA9F-9BAC0BD90C6F}
	EndGlobalSection
	GlobalSection(ExtensibilityGlobals) = postSolution
		SolutionGuid = {E14388C8-1FA9-4BD5-816F-1EFD78C31728}
	EndGlobalSection
EndGlobal
